
Microsoft Visual Studio Solution File, Format Version 12.00
Project("{FAE04EC0-301F-11D3-BF4B-00C04F79EFBC}") = "Calculator", "Calculator\Calculator.csproj", "{0D00E2A6-B710-44B9-B6AC-8357E11ACEBF}"
EndProject
Project("{FAE04EC0-301F-11D3-BF4B-00C04F79EFBC}") = "CalculatorTest", "CalculatorTest\CalculatorTest.csproj", "{93D072B2-5B5E-46F8-B73D-A8986CF4D53D}"
EndProject
Global
	GlobalSection(SolutionConfigurationPlatforms) = preSolution
		Debug|Any CPU = Debug|Any CPU
		Release|Any CPU = Release|Any CPU
	EndGlobalSection
	GlobalSection(ProjectConfigurationPlatforms) = postSolution
		{0D00E2A6-B710-44B9-B6AC-8357E11ACEBF}.Debug|Any CPU.ActiveCfg = Debug|Any CPU
		{0D00E2A6-B710-44B9-B6AC-8357E11ACEBF}.Debug|Any CPU.Build.0 = Debug|Any CPU
		{0D00E2A6-B710-44B9-B6AC-8357E11ACEBF}.Release|Any CPU.ActiveCfg = Release|Any CPU
		{0D00E2A6-B710-44B9-B6AC-8357E11ACEBF}.Release|Any CPU.Build.0 = Release|Any CPU
		{93D072B2-5B5E-46F8-B73D-A8986CF4D53D}.Debug|Any CPU.ActiveCfg = Debug|Any CPU
		{93D072B2-5B5E-46F8-B73D-A8986CF4D53D}.Debug|Any CPU.Build.0 = Debug|Any CPU
		{93D072B2-5B5E-46F8-B73D-A8986CF4D53D}.Release|Any CPU.ActiveCfg = Release|Any CPU
		{93D072B2-5B5E-46F8-B73D-A8986CF4D53D}.Release|Any CPU.Build.0 = Release|Any CPU
	EndGlobalSection
EndGlobal
